<Solution>
  <Folder Name="/Screenshots/">
    <File Path="Screenshots/01-dotnet-build.png" />
    <File Path="Screenshots/02-borrowing-demo.png" />
    <File Path="Screenshots/03-dotnet-test.png" />
  </Folder>
  <Folder Name="/Solution Items/">
    <File Path=".gitignore" />
  </Folder>
  <Project Path="EquipmentBorrowing.Application/EquipmentBorrowing.Application.csproj" />
  <Project Path="EquipmentBorrowing.ConsoleDemo/EquipmentBorrowing.ConsoleDemo.csproj" />
  <Project Path="EquipmentBorrowing.Domain/EquipmentBorrowing.Domain.csproj" />
  <Project Path="EquipmentBorrowing.Infrastructure/EquipmentBorrowing.Infrastructure.csproj" />
  <Project Path="EquipmentBorrowing.Tests/EquipmentBorrowing.Tests.csproj" />
</Solution>
