<Solution>
  <Folder Name="/Solution Items/">
    <File Path=".gitignore" />
  </Folder>
  <Project Path="EquipmentBorrowing.Application/EquipmentBorrowing.Application.csproj" />
  <Project Path="EquipmentBorrowing.ConsoleDemo/EquipmentBorrowing.ConsoleDemo.csproj" />
  <Project Path="EquipmentBorrowing.Domain/EquipmentBorrowing.Domain.csproj" />
  <Project Path="EquipmentBorrowing.Infrastructure/EquipmentBorrowing.Infrastructure.csproj" />
  <Project Path="EquipmentBorrowing.Tests/EquipmentBorrowing.Tests.csproj" />
</Solution>
